
Microsoft Visual Studio Solution File, Format Version 12.00
# Visual Studio Version 17
VisualStudioVersion = 17.5.33424.131
MinimumVisualStudioVersion = 10.0.40219.1
Project("{FAE04EC0-301F-11D3-BF4B-00C04F79EFBC}") = "ExampleFactory", "ExampleFactory.csproj", "{BC5B4B27-72A2-4F2D-BCE9-B5A1DB5FB229}"
EndProject
Global
	GlobalSection(SolutionConfigurationPlatforms) = preSolution
		Debug|Any CPU = Debug|Any CPU
		Release|Any CPU = Release|Any CPU
	EndGlobalSection
	GlobalSection(ProjectConfigurationPlatforms) = postSolution
		{BC5B4B27-72A2-4F2D-BCE9-B5A1DB5FB229}.Debug|Any CPU.ActiveCfg = Debug|Any CPU
		{BC5B4B27-72A2-4F2D-BCE9-B5A1DB5FB229}.Debug|Any CPU.Build.0 = Debug|Any CPU
		{BC5B4B27-72A2-4F2D-BCE9-B5A1DB5FB229}.Release|Any CPU.ActiveCfg = Release|Any CPU
		{BC5B4B27-72A2-4F2D-BCE9-B5A1DB5FB229}.Release|Any CPU.Build.0 = Release|Any CPU
	EndGlobalSection
	GlobalSection(SolutionProperties) = preSolution
		HideSolutionNode = FALSE
	EndGlobalSection
	GlobalSection(ExtensibilityGlobals) = postSolution
		SolutionGuid = {DE94190E-03DE-45C1-A4B3-C06ED5E34225}
	EndGlobalSection
EndGlobal
